
Microsoft Visual Studio Solution File, Format Version 12.00
Project("{FAE04EC0-301F-11D3-BF4B-00C04F79EFBC}") = "planet-creator.server", "planet-creator.server\planet-creator.server.csproj", "{AD62A531-C32F-4A48-8216-38012E96E9B9}"
EndProject
Project("{FAE04EC0-301F-11D3-BF4B-00C04F79EFBC}") = "planet-craator.engine", "planet-craator.engine\planet-craator.engine.csproj", "{C966C6FD-AC85-493A-BF8B-1E5F946EFC0D}"
EndProject
Project("{FAE04EC0-301F-11D3-BF4B-00C04F79EFBC}") = "planet-creator.engine.tests", "planet-creator.engine.tests\planet-creator.engine.tests.csproj", "{CEDAA770-1A11-4A9C-AC33-2E935067C087}"
EndProject
Project("{FAE04EC0-301F-11D3-BF4B-00C04F79EFBC}") = "planet-creator.engine.benchmark", "planet-creator.engine.benchmark\planet-creator.engine.benchmark.csproj", "{6C5CE180-69F0-497E-8408-9EE11DC064BC}"
EndProject
Project("{FAE04EC0-301F-11D3-BF4B-00C04F79EFBC}") = "planet-creator.engine.extensions", "planet-creator.engine.extensions\planet-creator.engine.extensions.csproj", "{2F7340EB-D7FD-4A79-9B0F-9AC6D6F65480}"
EndProject
Global
	GlobalSection(SolutionConfigurationPlatforms) = preSolution
		Debug|Any CPU = Debug|Any CPU
		Release|Any CPU = Release|Any CPU
	EndGlobalSection
	GlobalSection(ProjectConfigurationPlatforms) = postSolution
		{AD62A531-C32F-4A48-8216-38012E96E9B9}.Debug|Any CPU.ActiveCfg = Debug|Any CPU
		{AD62A531-C32F-4A48-8216-38012E96E9B9}.Debug|Any CPU.Build.0 = Debug|Any CPU
		{AD62A531-C32F-4A48-8216-38012E96E9B9}.Release|Any CPU.ActiveCfg = Release|Any CPU
		{AD62A531-C32F-4A48-8216-38012E96E9B9}.Release|Any CPU.Build.0 = Release|Any CPU
		{C966C6FD-AC85-493A-BF8B-1E5F946EFC0D}.Debug|Any CPU.ActiveCfg = Debug|Any CPU
		{C966C6FD-AC85-493A-BF8B-1E5F946EFC0D}.Debug|Any CPU.Build.0 = Debug|Any CPU
		{C966C6FD-AC85-493A-BF8B-1E5F946EFC0D}.Release|Any CPU.ActiveCfg = Release|Any CPU
		{C966C6FD-AC85-493A-BF8B-1E5F946EFC0D}.Release|Any CPU.Build.0 = Release|Any CPU
		{CEDAA770-1A11-4A9C-AC33-2E935067C087}.Debug|Any CPU.ActiveCfg = Debug|Any CPU
		{CEDAA770-1A11-4A9C-AC33-2E935067C087}.Debug|Any CPU.Build.0 = Debug|Any CPU
		{CEDAA770-1A11-4A9C-AC33-2E935067C087}.Release|Any CPU.ActiveCfg = Release|Any CPU
		{CEDAA770-1A11-4A9C-AC33-2E935067C087}.Release|Any CPU.Build.0 = Release|Any CPU
		{6C5CE180-69F0-497E-8408-9EE11DC064BC}.Debug|Any CPU.ActiveCfg = Debug|Any CPU
		{6C5CE180-69F0-497E-8408-9EE11DC064BC}.Debug|Any CPU.Build.0 = Debug|Any CPU
		{6C5CE180-69F0-497E-8408-9EE11DC064BC}.Release|Any CPU.ActiveCfg = Release|Any CPU
		{6C5CE180-69F0-497E-8408-9EE11DC064BC}.Release|Any CPU.Build.0 = Release|Any CPU
		{2F7340EB-D7FD-4A79-9B0F-9AC6D6F65480}.Debug|Any CPU.ActiveCfg = Debug|Any CPU
		{2F7340EB-D7FD-4A79-9B0F-9AC6D6F65480}.Debug|Any CPU.Build.0 = Debug|Any CPU
		{2F7340EB-D7FD-4A79-9B0F-9AC6D6F65480}.Release|Any CPU.ActiveCfg = Release|Any CPU
		{2F7340EB-D7FD-4A79-9B0F-9AC6D6F65480}.Release|Any CPU.Build.0 = Release|Any CPU
	EndGlobalSection
EndGlobal
